
Microsoft Visual Studio Solution File, Format Version 12.00
# Visual Studio Version 17
VisualStudioVersion = 17.8.34330.188
MinimumVisualStudioVersion = 10.0.40219.1
Project("{FAE04EC0-301F-11D3-BF4B-00C04F79EFBC}") = "UnitTestDemo", "UnitTestDemo\UnitTestDemo.csproj", "{F20A7F46-64E2-4050-BD51-9099C6C3CB9F}"
EndProject
Project("{FAE04EC0-301F-11D3-BF4B-00C04F79EFBC}") = "UnitTestDemoTests", "UnitTestDemoTests\UnitTestDemoTests.csproj", "{6D992414-A3A9-4FA1-A973-F36640C3B301}"
EndProject
Global
	GlobalSection(SolutionConfigurationPlatforms) = preSolution
		Debug|Any CPU = Debug|Any CPU
		Release|Any CPU = Release|Any CPU
	EndGlobalSection
	GlobalSection(ProjectConfigurationPlatforms) = postSolution
		{F20A7F46-64E2-4050-BD51-9099C6C3CB9F}.Debug|Any CPU.ActiveCfg = Debug|Any CPU
		{F20A7F46-64E2-4050-BD51-9099C6C3CB9F}.Debug|Any CPU.Build.0 = Debug|Any CPU
		{F20A7F46-64E2-4050-BD51-9099C6C3CB9F}.Release|Any CPU.ActiveCfg = Release|Any CPU
		{F20A7F46-64E2-4050-BD51-9099C6C3CB9F}.Release|Any CPU.Build.0 = Release|Any CPU
		{6D992414-A3A9-4FA1-A973-F36640C3B301}.Debug|Any CPU.ActiveCfg = Debug|Any CPU
		{6D992414-A3A9-4FA1-A973-F36640C3B301}.Debug|Any CPU.Build.0 = Debug|Any CPU
		{6D992414-A3A9-4FA1-A973-F36640C3B301}.Release|Any CPU.ActiveCfg = Release|Any CPU
		{6D992414-A3A9-4FA1-A973-F36640C3B301}.Release|Any CPU.Build.0 = Release|Any CPU
	EndGlobalSection
	GlobalSection(SolutionProperties) = preSolution
		HideSolutionNode = FALSE
	EndGlobalSection
	GlobalSection(ExtensibilityGlobals) = postSolution
		SolutionGuid = {B09015CB-AE96-4C49-BE13-A844960059DD}
	EndGlobalSection
EndGlobal
